<?xml version="1.0" encoding="UTF-8" standalone="yes" ?>
<CodeBlocks_project_file>
	<FileVersion major="1" minor="6" />
	<Project>
		<Option title="schizophrenia" />
		<Option pch_mode="2" />
		<Option compiler="gcc" />
		<Build>
			<Target title="Windows x86">
				<Option output="bin/W32/schizophrenia" prefix_auto="1" extension_auto="1" />
				<Option working_dir="testing" />
				<Option object_output="obj/W32/" />
				<Option type="0" />
				<Option compiler="gcc" />
				<Option parameters='&quot;./level/level0.tmx&quot;' />
				<Option projectLinkerOptionsRelation="2" />
				<Compiler>
					<Add option="-O3" />
					<Add option="-DX86CPU" />
					<Add option="-DBUILDING_DLL" />
					<Add directory="$(#mingw.include)" />
					<Add directory="$(#mingw.include)/SDL" />
				</Compiler>
				<Linker>
					<Add option="-s" />
					<Add option="-lmingw32" />
					<Add option="-lSDLmain" />
					<Add option="-lsparrow3d" />
					<Add directory="$(#mingw.lib)" />
					<Add directory="../sparrow3d/bin/W32" />
				</Linker>
			</Target>
			<Target title="Windows x86 (Debug)">
				<Option output="bin/W32/schizophrenia_DEBUG" prefix_auto="1" extension_auto="1" />
				<Option working_dir="testing" />
				<Option object_output="obj/W32_Debug/" />
				<Option type="0" />
				<Option compiler="gcc" />
				<Option projectLinkerOptionsRelation="2" />
				<Compiler>
					<Add option="-g" />
					<Add option="-DX86CPU" />
					<Add option="-DCORE_DEBUG" />
					<Add option="-DBUILDING_DLL" />
					<Add directory="$(#mingw.include)" />
					<Add directory="$(#mingw.include)/SDL" />
				</Compiler>
				<Linker>
					<Add option="-lmingw32" />
					<Add option="-lSDLmain" />
					<Add directory="$(#mingw.lib)" />
				</Linker>
			</Target>
			<Target title="Pandora">
				<Option output="bin/Pandora/schizophrenia.exe" prefix_auto="1" extension_auto="0" />
				<Option working_dir="testing" />
				<Option object_output="obj/Pandora/" />
				<Option type="0" />
				<Option compiler="armelfgcc" />
				<Compiler>
					<Add option="-mcpu=cortex-a8" />
					<Add option="-mfpu=neon" />
					<Add option="-O3" />
					<Add option="-mtune=cortex-a8" />
					<Add option="-march=armv7-a" />
					<Add option="-ftree-vectorize" />
					<Add option="-mfloat-abi=softfp" />
					<Add option="-ffast-math" />
					<Add option="-fsingle-precision-constant" />
					<Add option="-pipe" />
					<Add option="-DMOBILE_DEVICE" />
					<Add option="-DPANDORA" />
					<Add option="-DARMCPU" />
					<Add directory="$(#pandora_sdk.include)" />
					<Add directory="$(#pandora_sdk.include)/SDL" />
				</Compiler>
				<Linker>
					<Add option="-s" />
					<Add option="-static-libstdc++" />
					<Add option="-lfreetype" />
					<Add option="-lpng" />
					<Add option="-lz" />
					<Add option="-lts" />
					<Add option="-lsparrow3d" />
					<Add directory="$(#pandora_sdk.lib)" />
					<Add directory="../sparrow3d/bin/Pandora" />
				</Linker>
			</Target>
			<Target title="Pandora (Debug)">
				<Option output="bin/Pandora/schizophrenia_DEBUG" prefix_auto="1" extension_auto="1" />
				<Option working_dir="testing" />
				<Option object_output="obj/Pandora_DEBUG/" />
				<Option type="0" />
				<Option compiler="armelfgcc" />
				<Compiler>
					<Add option="-mcpu=cortex-a8" />
					<Add option="-mfpu=neon" />
					<Add option="-g" />
					<Add option="-mtune=cortex-a8" />
					<Add option="-march=armv7-a" />
					<Add option="-ftree-vectorize" />
					<Add option="-mfloat-abi=softfp" />
					<Add option="-ffast-math" />
					<Add option="-fsingle-precision-constant" />
					<Add option="-pipe" />
					<Add option="-DCORE_DEBUG" />
					<Add option="-DMOBILE_DEVICE" />
					<Add option="-DPANDORA" />
					<Add option="-DARMCPU" />
					<Add directory="$(#pandora_sdk.include)" />
					<Add directory="$(#pandora_sdk.include)/SDL" />
				</Compiler>
				<Linker>
					<Add option="-static-libstdc++" />
					<Add option="-lfreetype" />
					<Add option="-lpng" />
					<Add option="-lz" />
					<Add option="-lts" />
					<Add directory="$(#pandora_sdk.lib)" />
				</Linker>
			</Target>
		</Build>
		<Compiler>
			<Add option="-fsingle-precision-constant" />
			<Add option="-fPIC" />
			<Add option="-ffast-math" />
			<Add option="-fgcse-sm" />
			<Add option="-fsched-spec-load" />
			<Add option="-fmodulo-sched" />
			<Add option="-fgcse-las -ftracer" />
			<Add option="-funsafe-loop-optimizations" />
			<Add option="-Wunsafe-loop-optimizations" />
			<Add option="-fvariable-expansion-in-unroller" />
			<Add directory="../sparrow3d/" />
		</Compiler>
		<Linker>
			<Add option="-lSDL_mixer" />
			<Add option="-lSDL_ttf" />
			<Add option="-lSDL_image" />
			<Add option="-lSDL" />
			<Add option="-lm" />
		</Linker>
		<Unit filename="../sparrow3d/sparrow3d.h">
			<Option target="Windows x86 (Debug)" />
			<Option target="Pandora (Debug)" />
		</Unit>
		<Unit filename="../sparrow3d/sparrowCore.c">
			<Option compilerVar="CC" />
			<Option target="Windows x86 (Debug)" />
			<Option target="Pandora (Debug)" />
		</Unit>
		<Unit filename="../sparrow3d/sparrowCore.h">
			<Option target="Windows x86 (Debug)" />
			<Option target="Pandora (Debug)" />
		</Unit>
		<Unit filename="../sparrow3d/sparrowDefines.h">
			<Option target="Windows x86 (Debug)" />
			<Option target="Pandora (Debug)" />
		</Unit>
		<Unit filename="../sparrow3d/sparrowFile.c">
			<Option compilerVar="CC" />
			<Option target="Windows x86 (Debug)" />
			<Option target="Pandora (Debug)" />
		</Unit>
		<Unit filename="../sparrow3d/sparrowFile.h">
			<Option target="Windows x86 (Debug)" />
			<Option target="Pandora (Debug)" />
		</Unit>
		<Unit filename="../sparrow3d/sparrowFont.c">
			<Option compilerVar="CC" />
			<Option target="Windows x86 (Debug)" />
			<Option target="Pandora (Debug)" />
		</Unit>
		<Unit filename="../sparrow3d/sparrowFont.h">
			<Option target="Windows x86 (Debug)" />
			<Option target="Pandora (Debug)" />
		</Unit>
		<Unit filename="../sparrow3d/sparrowMath.c">
			<Option compilerVar="CC" />
			<Option target="Windows x86 (Debug)" />
			<Option target="Pandora (Debug)" />
		</Unit>
		<Unit filename="../sparrow3d/sparrowMath.h">
			<Option target="Windows x86 (Debug)" />
			<Option target="Pandora (Debug)" />
		</Unit>
		<Unit filename="../sparrow3d/sparrowMesh.c">
			<Option compilerVar="CC" />
			<Option target="Windows x86 (Debug)" />
			<Option target="Pandora (Debug)" />
		</Unit>
		<Unit filename="../sparrow3d/sparrowMesh.h">
			<Option target="Windows x86 (Debug)" />
			<Option target="Pandora (Debug)" />
		</Unit>
		<Unit filename="../sparrow3d/sparrowNet.c">
			<Option compilerVar="CC" />
			<Option target="Windows x86 (Debug)" />
			<Option target="Pandora (Debug)" />
		</Unit>
		<Unit filename="../sparrow3d/sparrowNet.h">
			<Option target="Windows x86 (Debug)" />
			<Option target="Pandora (Debug)" />
		</Unit>
		<Unit filename="../sparrow3d/sparrowPrimitives.c">
			<Option compilerVar="CC" />
			<Option target="Windows x86 (Debug)" />
			<Option target="Pandora (Debug)" />
		</Unit>
		<Unit filename="../sparrow3d/sparrowPrimitives.h">
			<Option target="Windows x86 (Debug)" />
			<Option target="Pandora (Debug)" />
		</Unit>
		<Unit filename="../sparrow3d/sparrowRenderer.c">
			<Option compilerVar="CC" />
			<Option target="Windows x86 (Debug)" />
			<Option target="Pandora (Debug)" />
		</Unit>
		<Unit filename="../sparrow3d/sparrowRenderer.h">
			<Option target="Windows x86 (Debug)" />
			<Option target="Pandora (Debug)" />
		</Unit>
		<Unit filename="../sparrow3d/sparrowSound.c">
			<Option compilerVar="CC" />
			<Option target="Windows x86 (Debug)" />
			<Option target="Pandora (Debug)" />
		</Unit>
		<Unit filename="../sparrow3d/sparrowSound.h">
			<Option target="Windows x86 (Debug)" />
			<Option target="Pandora (Debug)" />
		</Unit>
		<Unit filename="../sparrow3d/sparrowSprite.c">
			<Option compilerVar="CC" />
			<Option target="Windows x86 (Debug)" />
			<Option target="Pandora (Debug)" />
		</Unit>
		<Unit filename="../sparrow3d/sparrowSprite.h">
			<Option target="Windows x86 (Debug)" />
			<Option target="Pandora (Debug)" />
		</Unit>
		<Unit filename="../sparrow3d/sparrowText.c">
			<Option compilerVar="CC" />
			<Option target="Windows x86 (Debug)" />
			<Option target="Pandora (Debug)" />
		</Unit>
		<Unit filename="../sparrow3d/sparrowText.h">
			<Option target="Windows x86 (Debug)" />
			<Option target="Pandora (Debug)" />
		</Unit>
		<Unit filename="Makefile" />
		<Unit filename="feedback.c">
			<Option compilerVar="CC" />
		</Unit>
		<Unit filename="feedback.h" />
		<Unit filename="global_defines.h" />
		<Unit filename="level.c">
			<Option compilerVar="CC" />
		</Unit>
		<Unit filename="level.h" />
		<Unit filename="physics.c">
			<Option compilerVar="CC" />
		</Unit>
		<Unit filename="physics.h" />
		<Unit filename="schizophrenia.c">
			<Option compilerVar="CC" />
		</Unit>
		<Extensions>
			<code_completion />
			<envvars />
			<debugger />
			<lib_finder disable_auto="1" />
		</Extensions>
	</Project>
</CodeBlocks_project_file>
